
Microsoft Visual Studio Solution File, Format Version 12.00
# Visual Studio 15
VisualStudioVersion = 15.0.27428.2011
MinimumVisualStudioVersion = 10.0.40219.1
Project("{FAE04EC0-301F-11D3-BF4B-00C04F79EFBC}") = "HW2", "HW2\HW2.csproj", "{ACF4C333-7FB2-4FAE-B399-059209528D44}"
EndProject
Global
	GlobalSection(SolutionConfigurationPlatforms) = preSolution
		Debug|Any CPU = Debug|Any CPU
		Release|Any CPU = Release|Any CPU
	EndGlobalSection
	GlobalSection(ProjectConfigurationPlatforms) = postSolution
		{ACF4C333-7FB2-4FAE-B399-059209528D44}.Debug|Any CPU.ActiveCfg = Debug|Any CPU
		{ACF4C333-7FB2-4FAE-B399-059209528D44}.Debug|Any CPU.Build.0 = Debug|Any CPU
		{ACF4C333-7FB2-4FAE-B399-059209528D44}.Release|Any CPU.ActiveCfg = Release|Any CPU
		{ACF4C333-7FB2-4FAE-B399-059209528D44}.Release|Any CPU.Build.0 = Release|Any CPU
	EndGlobalSection
	GlobalSection(SolutionProperties) = preSolution
		HideSolutionNode = FALSE
	EndGlobalSection
	GlobalSection(ExtensibilityGlobals) = postSolution
		SolutionGuid = {23FAD02B-1517-4F6D-9389-37C6A4351E90}
	EndGlobalSection
EndGlobal
